
Microsoft Visual Studio Solution File, Format Version 12.00
# Visual Studio 15
VisualStudioVersion = 15.0.26114.2
MinimumVisualStudioVersion = 10.0.40219.1
Project("{FAE04EC0-301F-11D3-BF4B-00C04F79EFBC}") = "Okra.DependencyInjection.MEF", "src\Okra.DependencyInjection.MEF\Okra.DependencyInjection.MEF.csproj", "{9776ECDF-1466-4C63-811A-43EF77994C3B}"
EndProject
Project("{FAE04EC0-301F-11D3-BF4B-00C04F79EFBC}") = "Okra.DependencyInjection.MEF.Tests", "test\Okra.DependencyInjection.MEF.Tests\Okra.DependencyInjection.MEF.Tests.csproj", "{92F1B9FD-D6CE-4B38-972E-ED9358A2F33F}"
EndProject
Global
	GlobalSection(SolutionConfigurationPlatforms) = preSolution
		Debug|Any CPU = Debug|Any CPU
		Release|Any CPU = Release|Any CPU
	EndGlobalSection
	GlobalSection(ProjectConfigurationPlatforms) = postSolution
		{9776ECDF-1466-4C63-811A-43EF77994C3B}.Debug|Any CPU.ActiveCfg = Debug|Any CPU
		{9776ECDF-1466-4C63-811A-43EF77994C3B}.Debug|Any CPU.Build.0 = Debug|Any CPU
		{9776ECDF-1466-4C63-811A-43EF77994C3B}.Release|Any CPU.ActiveCfg = Release|Any CPU
		{9776ECDF-1466-4C63-811A-43EF77994C3B}.Release|Any CPU.Build.0 = Release|Any CPU
		{92F1B9FD-D6CE-4B38-972E-ED9358A2F33F}.Debug|Any CPU.ActiveCfg = Debug|Any CPU
		{92F1B9FD-D6CE-4B38-972E-ED9358A2F33F}.Debug|Any CPU.Build.0 = Debug|Any CPU
		{92F1B9FD-D6CE-4B38-972E-ED9358A2F33F}.Release|Any CPU.ActiveCfg = Release|Any CPU
		{92F1B9FD-D6CE-4B38-972E-ED9358A2F33F}.Release|Any CPU.Build.0 = Release|Any CPU
	EndGlobalSection
	GlobalSection(SolutionProperties) = preSolution
		HideSolutionNode = FALSE
	EndGlobalSection
EndGlobal
